<?xml version="1.0" encoding="utf-8"?>
<Project ToolsVersion="4.0" xmlns="http://schemas.microsoft.com/developer/msbuild/2003">
  <ItemGroup>
    <Filter Include="Source Files">
      <UniqueIdentifier>{4FC737F1-C7A5-4376-A066-2A32D752A2FF}</UniqueIdentifier>
      <Extensions>cpp;c;cc;cxx;def;odl;idl;hpj;bat;asm;asmx</Extensions>
    </Filter>
    <Filter Include="Header Files">
      <UniqueIdentifier>{93995380-89BD-4b04-88EB-625FBE52EBFB}</UniqueIdentifier>
      <Extensions>h;hh;hpp;hxx;hm;inl;inc;xsd</Extensions>
    </Filter>
    <Filter Include="Resource Files">
      <UniqueIdentifier>{67DA6AB6-F800-4c08-8B7A-83BB121AAD01}</UniqueIdentifier>
      <Extensions>rc;ico;cur;bmp;dlg;rc2;rct;bin;rgs;gif;jpg;jpeg;jpe;resx;tiff;tif;png;wav;mfcribbon-ms</Extensions>
    </Filter>
  </ItemGroup>
  <ItemGroup>
    <ClCompile Include="bindings\runtime.cc">
      <Filter>Source Files</Filter>
    </ClCompile>
    <ClCompile Include="test_runner.cc">
      <Filter>Source Files</Filter>
    </ClCompile>
    <ClCompile Include="plugin\plugin.cc">
      <Filter>Source Files</Filter>
    </ClCompile>
    <ClCompile Include="plugin\sdk\amxplugin.cpp">
      <Filter>Source Files</Filter>
    </ClCompile>
    <ClCompile Include="base\logging.cc">
      <Filter>Source Files</Filter>
    </ClCompile>
    <ClCompile Include="playground_controller.cc">
      <Filter>Source Files</Filter>
    </ClCompile>
    <ClCompile Include="plugin\callback_hook.cc">
      <Filter>Source Files</Filter>
    </ClCompile>
    <ClCompile Include="third_party\subhook\subhook.c">
      <Filter>Source Files</Filter>
    </ClCompile>
    <ClCompile Include="third_party\subhook\subhook_windows.c">
      <Filter>Source Files</Filter>
    </ClCompile>
    <ClCompile Include="third_party\subhook\subhook_x86.c">
      <Filter>Source Files</Filter>
    </ClCompile>
    <ClCompile Include="plugin\callback_parser_test.cc">
      <Filter>Source Files</Filter>
    </ClCompile>
    <ClCompile Include="plugin\callback_parser.cc">
      <Filter>Source Files</Filter>
    </ClCompile>
    <ClCompile Include="base\string_piece.cc">
      <Filter>Source Files</Filter>
    </ClCompile>
    <ClCompile Include="plugin\plugin_controller.cc">
      <Filter>Source Files</Filter>
    </ClCompile>
    <ClCompile Include="plugin\pawn_helpers.cc">
      <Filter>Source Files</Filter>
    </ClCompile>
    <ClCompile Include="plugin\arguments.cc">
      <Filter>Source Files</Filter>
    </ClCompile>
    <ClCompile Include="plugin\native_function_manager.cc">
      <Filter>Source Files</Filter>
    </ClCompile>
    <ClCompile Include="plugin\fake_amx.cc">
      <Filter>Source Files</Filter>
    </ClCompile>
    <ClCompile Include="bindings\global_scope.cc">
      <Filter>Source Files</Filter>
    </ClCompile>
    <ClCompile Include="bindings\script_prologue.cc">
      <Filter>Source Files</Filter>
    </ClCompile>
    <ClCompile Include="base\time.cc">
      <Filter>Source Files</Filter>
    </ClCompile>
    <ClCompile Include="bindings\global_callbacks.cc">
      <Filter>Source Files</Filter>
    </ClCompile>
    <ClCompile Include="bindings\event.cc">
      <Filter>Source Files</Filter>
    </ClCompile>
    <ClCompile Include="bindings\console.cc">
      <Filter>Source Files</Filter>
    </ClCompile>
    <ClCompile Include="bindings\runtime_operations.cc">
      <Filter>Source Files</Filter>
    </ClCompile>
    <ClCompile Include="bindings\pawn_invoke.cc">
      <Filter>Source Files</Filter>
    </ClCompile>
    <ClCompile Include="bindings\exception_handler.cc">
      <Filter>Source Files</Filter>
    </ClCompile>
    <ClCompile Include="base\file_path.cc">
      <Filter>Source Files</Filter>
    </ClCompile>
    <ClCompile Include="bindings\modules\mysql\connection_client.cc">
      <Filter>Source Files</Filter>
    </ClCompile>
    <ClCompile Include="bindings\modules\mysql\Mutex.cc">
      <Filter>Source Files</Filter>
    </ClCompile>
    <ClCompile Include="bindings\modules\mysql\Thread.cc">
      <Filter>Source Files</Filter>
    </ClCompile>
    <ClCompile Include="bindings\modules\mysql\connection_host.cc">
      <Filter>Source Files</Filter>
    </ClCompile>
  </ItemGroup>
  <ItemGroup>
    <ClInclude Include="bindings\runtime.h">
      <Filter>Header Files</Filter>
    </ClInclude>
    <ClInclude Include="test_runner.h">
      <Filter>Header Files</Filter>
    </ClInclude>
    <ClInclude Include="base\export.h">
      <Filter>Header Files</Filter>
    </ClInclude>
    <ClInclude Include="version.h">
      <Filter>Header Files</Filter>
    </ClInclude>
    <ClInclude Include="base\macros.h">
      <Filter>Header Files</Filter>
    </ClInclude>
    <ClInclude Include="bindings\allocator.h">
      <Filter>Header Files</Filter>
    </ClInclude>
    <ClInclude Include="plugin\sdk\plugincommon.h">
      <Filter>Header Files</Filter>
    </ClInclude>
    <ClInclude Include="plugin\sdk\amx.h">
      <Filter>Header Files</Filter>
    </ClInclude>
    <ClInclude Include="base\logging.h">
      <Filter>Header Files</Filter>
    </ClInclude>
    <ClInclude Include="playground_controller.h">
      <Filter>Header Files</Filter>
    </ClInclude>
    <ClInclude Include="plugin\callback_hook.h">
      <Filter>Header Files</Filter>
    </ClInclude>
    <ClInclude Include="third_party\subhook\subhook.h">
      <Filter>Header Files</Filter>
    </ClInclude>
    <ClInclude Include="third_party\subhook\subhook_private.h">
      <Filter>Header Files</Filter>
    </ClInclude>
    <ClInclude Include="plugin\callback_parser.h">
      <Filter>Header Files</Filter>
    </ClInclude>
    <ClInclude Include="base\string_piece.h">
      <Filter>Header Files</Filter>
    </ClInclude>
    <ClInclude Include="plugin\plugin_controller.h">
      <Filter>Header Files</Filter>
    </ClInclude>
    <ClInclude Include="base\file_path.h">
      <Filter>Header Files</Filter>
    </ClInclude>
    <ClInclude Include="plugin\pawn_helpers.h">
      <Filter>Header Files</Filter>
    </ClInclude>
    <ClInclude Include="plugin\callback.h">
      <Filter>Header Files</Filter>
    </ClInclude>
    <ClInclude Include="plugin\arguments.h">
      <Filter>Header Files</Filter>
    </ClInclude>
    <ClInclude Include="plugin\plugin_delegate.h">
      <Filter>Header Files</Filter>
    </ClInclude>
    <ClInclude Include="plugin\native_function_manager.h">
      <Filter>Header Files</Filter>
    </ClInclude>
    <ClInclude Include="plugin\fake_amx.h">
      <Filter>Header Files</Filter>
    </ClInclude>
    <ClInclude Include="bindings\global_scope.h">
      <Filter>Header Files</Filter>
    </ClInclude>
    <ClInclude Include="bindings\utilities.h">
      <Filter>Header Files</Filter>
    </ClInclude>
    <ClInclude Include="bindings\script_prologue.h">
      <Filter>Header Files</Filter>
    </ClInclude>
    <ClInclude Include="base\time.h">
      <Filter>Header Files</Filter>
    </ClInclude>
    <ClInclude Include="bindings\global_callbacks.h">
      <Filter>Header Files</Filter>
    </ClInclude>
    <ClInclude Include="bindings\event.h">
      <Filter>Header Files</Filter>
    </ClInclude>
    <ClInclude Include="bindings\console.h">
      <Filter>Header Files</Filter>
    </ClInclude>
    <ClInclude Include="bindings\runtime_operations.h">
      <Filter>Header Files</Filter>
    </ClInclude>
    <ClInclude Include="bindings\pawn_invoke.h">
      <Filter>Header Files</Filter>
    </ClInclude>
    <ClInclude Include="bindings\exception_handler.h">
      <Filter>Header Files</Filter>
    </ClInclude>
    <ClInclude Include="bindings\modules\mysql\Thread.h">
      <Filter>Header Files</Filter>
    </ClInclude>
    <ClInclude Include="bindings\modules\mysql\Mutex.h">
      <Filter>Header Files</Filter>
    </ClInclude>
    <ClInclude Include="bindings\modules\mysql\thread_safe_queue.h">
      <Filter>Header Files</Filter>
    </ClInclude>
    <ClInclude Include="bindings\modules\mysql\result_entry.h">
      <Filter>Header Files</Filter>
    </ClInclude>
    <ClInclude Include="bindings\modules\mysql\connection_messages.h">
      <Filter>Header Files</Filter>
    </ClInclude>
    <ClInclude Include="bindings\modules\mysql\connection_client.h">
      <Filter>Header Files</Filter>
    </ClInclude>
    <ClInclude Include="bindings\modules\mysql\connection_host.h">
      <Filter>Header Files</Filter>
    </ClInclude>
    <ClInclude Include="bindings\modules\mysql\connection_delegate.h">
      <Filter>Header Files</Filter>
    </ClInclude>
  </ItemGroup>
</Project>